# THIS IS AN AUTOGENERATED FILE. DO NOT EDIT THIS FILE DIRECTLY.
# yarn lockfile v1


breakpoint-sass@^2.7.1:
  version "2.7.1"
  resolved "https://registry.yarnpkg.com/breakpoint-sass/-/breakpoint-sass-2.7.1.tgz#8ef6c4744dcc25ba83d969b6c9a17e5daa29980a"

normalize.css@^6.0.0:
  version "6.0.0"
  resolved "https://registry.yarnpkg.com/normalize.css/-/normalize.css-6.0.0.tgz#22188c2707c911fb3ad3c1aac0677ff68661bea8"
